
Microsoft Visual Studio Solution File, Format Version 12.00
# Visual Studio Version 16
VisualStudioVersion = 16.0.29215.179
MinimumVisualStudioVersion = 10.0.40219.1
Project("{8BC9CEB8-8B4A-11D0-8D11-00A0C91BC942}") = "Bomberman", "Bomberman\Bomberman.vcxproj", "{C51D280C-61B4-4580-84B4-B22F238141D3}"
EndProject
Project("{8BC9CEB8-8B4A-11D0-8D11-00A0C91BC942}") = "Example_C++", "Example_C++\Example_C++.vcxproj", "{5DD30D97-8D4B-45E7-8A89-AF9DB84CC281}"
EndProject
Project("{8BC9CEB8-8B4A-11D0-8D11-00A0C91BC942}") = "ObjectPool", "ObjectPool\ObjectPool.vcxproj", "{D49FED38-D37F-44EA-8134-DA8058C9BA6C}"
EndProject
Global
	GlobalSection(SolutionConfigurationPlatforms) = preSolution
		Debug|x64 = Debug|x64
		Debug|x86 = Debug|x86
		Release|x64 = Release|x64
		Release|x86 = Release|x86
	EndGlobalSection
	GlobalSection(ProjectConfigurationPlatforms) = postSolution
		{C51D280C-61B4-4580-84B4-B22F238141D3}.Debug|x64.ActiveCfg = Debug|x64
		{C51D280C-61B4-4580-84B4-B22F238141D3}.Debug|x64.Build.0 = Debug|x64
		{C51D280C-61B4-4580-84B4-B22F238141D3}.Debug|x86.ActiveCfg = Debug|Win32
		{C51D280C-61B4-4580-84B4-B22F238141D3}.Debug|x86.Build.0 = Debug|Win32
		{C51D280C-61B4-4580-84B4-B22F238141D3}.Release|x64.ActiveCfg = Release|x64
		{C51D280C-61B4-4580-84B4-B22F238141D3}.Release|x64.Build.0 = Release|x64
		{C51D280C-61B4-4580-84B4-B22F238141D3}.Release|x86.ActiveCfg = Release|Win32
		{C51D280C-61B4-4580-84B4-B22F238141D3}.Release|x86.Build.0 = Release|Win32
		{5DD30D97-8D4B-45E7-8A89-AF9DB84CC281}.Debug|x64.ActiveCfg = Debug|x64
		{5DD30D97-8D4B-45E7-8A89-AF9DB84CC281}.Debug|x64.Build.0 = Debug|x64
		{5DD30D97-8D4B-45E7-8A89-AF9DB84CC281}.Debug|x86.ActiveCfg = Debug|Win32
		{5DD30D97-8D4B-45E7-8A89-AF9DB84CC281}.Debug|x86.Build.0 = Debug|Win32
		{5DD30D97-8D4B-45E7-8A89-AF9DB84CC281}.Release|x64.ActiveCfg = Release|x64
		{5DD30D97-8D4B-45E7-8A89-AF9DB84CC281}.Release|x64.Build.0 = Release|x64
		{5DD30D97-8D4B-45E7-8A89-AF9DB84CC281}.Release|x86.ActiveCfg = Release|Win32
		{5DD30D97-8D4B-45E7-8A89-AF9DB84CC281}.Release|x86.Build.0 = Release|Win32
		{D49FED38-D37F-44EA-8134-DA8058C9BA6C}.Debug|x64.ActiveCfg = Debug|x64
		{D49FED38-D37F-44EA-8134-DA8058C9BA6C}.Debug|x64.Build.0 = Debug|x64
		{D49FED38-D37F-44EA-8134-DA8058C9BA6C}.Debug|x86.ActiveCfg = Debug|Win32
		{D49FED38-D37F-44EA-8134-DA8058C9BA6C}.Debug|x86.Build.0 = Debug|Win32
		{D49FED38-D37F-44EA-8134-DA8058C9BA6C}.Release|x64.ActiveCfg = Release|x64
		{D49FED38-D37F-44EA-8134-DA8058C9BA6C}.Release|x64.Build.0 = Release|x64
		{D49FED38-D37F-44EA-8134-DA8058C9BA6C}.Release|x86.ActiveCfg = Release|Win32
		{D49FED38-D37F-44EA-8134-DA8058C9BA6C}.Release|x86.Build.0 = Release|Win32
	EndGlobalSection
	GlobalSection(SolutionProperties) = preSolution
		HideSolutionNode = FALSE
	EndGlobalSection
	GlobalSection(ExtensibilityGlobals) = postSolution
		SolutionGuid = {B74409D5-CFCE-4CF5-B755-1AB1D6153F75}
	EndGlobalSection
EndGlobal
